{
  "nodes": {
    "catppuccin": {
      "inputs": {
        "nixpkgs": [
          "nixpkgs"
        ]
      },
      "locked": {
        "lastModified": 1783674541,
        "narHash": "sha256-vmUhEF/jBCZJeK0dInOls+HOAR0yiiQusN1+FZKaJss=",
        "owner": "catppuccin",
        "repo": "nix",
        "rev": "96799f24cf1366fe88e1293c3d27521a8f2129cf",
        "type": "github"
      },
      "original": {
        "owner": "catppuccin",
        "repo": "nix",
        "type": "github"
      }
    },
    "crane": {
      "locked": {
        "lastModified": 1781825982,
        "narHash": "sha256-SlXKwIRIhrOSAcTjCB3ftPLzJWZStQIPS7J1FlZPnKk=",
        "owner": "ipetkov",
        "repo": "crane",
        "rev": "469fd08d0bcf6926321fa973c6777fbc87785dd7",
        "type": "github"
      },
      "original": {
        "owner": "ipetkov",
        "repo": "crane",
        "type": "github"
      }
    },
    "flake-compat": {
      "flake": false,
      "locked": {
        "lastModified": 1777699697,
        "narHash": "sha256-Eg9b/rq/ECYwNwEXs5i9wHyhxNI0JrYx2srdI2uZMaQ=",
        "ref": "refs/heads/main",
        "rev": "382052b74656a369c5408822af3f2501e9b1af81",
        "revCount": 94,
        "type": "git",
        "url": "https://git.lix.systems/lix-project/flake-compat.git"
      },
      "original": {
        "type": "git",
        "url": "https://git.lix.systems/lix-project/flake-compat.git"
      }
    },
    "flake-compat_2": {
      "flake": false,
      "locked": {
        "lastModified": 1777699697,
        "narHash": "sha256-Eg9b/rq/ECYwNwEXs5i9wHyhxNI0JrYx2srdI2uZMaQ=",
        "ref": "refs/heads/main",
        "rev": "382052b74656a369c5408822af3f2501e9b1af81",
        "revCount": 94,
        "type": "git",
        "url": "https://git.lix.systems/lix-project/flake-compat.git"
      },
      "original": {
        "type": "git",
        "url": "https://git.lix.systems/lix-project/flake-compat.git"
      }
    },
    "flake-parts": {
      "inputs": {
        "nixpkgs-lib": [
          "nvf-config",
          "nvf",
          "nixpkgs"
        ]
      },
      "locked": {
        "lastModified": 1778716662,
        "narHash": "sha256-m1Yf0wZ8j1OHjTc2UwHwyQRSnNeSgLJOd7q5Y45hzi4=",
        "owner": "hercules-ci",
        "repo": "flake-parts",
        "rev": "f7c1a2d347e4c52d5fb8d10cb4d94b5884e546fb",
        "type": "github"
      },
      "original": {
        "owner": "hercules-ci",
        "repo": "flake-parts",
        "type": "github"
      }
    },
    "flake-utils": {
      "inputs": {
        "systems": "systems_2"
      },
      "locked": {
        "lastModified": 1731533236,
        "narHash": "sha256-l0KFg5HjrsfsO/JpG+r7fRrqm12kzFHyUHqHCVpMMbI=",
        "owner": "numtide",
        "repo": "flake-utils",
        "rev": "11707dc2f618dd54ca8739b309ec4fc024de578b",
        "type": "github"
      },
      "original": {
        "owner": "numtide",
        "repo": "flake-utils",
        "type": "github"
      }
    },
    "flake-utils_2": {
      "inputs": {
        "systems": "systems_3"
      },
      "locked": {
        "lastModified": 1731533236,
        "narHash": "sha256-l0KFg5HjrsfsO/JpG+r7fRrqm12kzFHyUHqHCVpMMbI=",
        "owner": "numtide",
        "repo": "flake-utils",
        "rev": "11707dc2f618dd54ca8739b309ec4fc024de578b",
        "type": "github"
      },
      "original": {
        "owner": "numtide",
        "repo": "flake-utils",
        "type": "github"
      }
    },
    "flake-utils_3": {
      "inputs": {
        "systems": "systems_4"
      },
      "locked": {
        "lastModified": 1731533236,
        "narHash": "sha256-l0KFg5HjrsfsO/JpG+r7fRrqm12kzFHyUHqHCVpMMbI=",
        "owner": "numtide",
        "repo": "flake-utils",
        "rev": "11707dc2f618dd54ca8739b309ec4fc024de578b",
        "type": "github"
      },
      "original": {
        "owner": "numtide",
        "repo": "flake-utils",
        "type": "github"
      }
    },
    "helium": {
      "inputs": {
        "nixpkgs": [
          "nixpkgs"
        ]
      },
      "locked": {
        "lastModified": 1783680750,
        "narHash": "sha256-pny0Cli/s2p7BPahjmRUm0jU9Icvh/Vx/2qu0kbAN5E=",
        "owner": "oxcl",
        "repo": "nix-flake-helium-browser",
        "rev": "41c0ce5bac25f928f0714a755d54849be726a848",
        "type": "github"
      },
      "original": {
        "owner": "oxcl",
        "repo": "nix-flake-helium-browser",
        "type": "github"
      }
    },
    "home-manager": {
      "inputs": {
        "nixpkgs": [
          "nixpkgs"
        ]
      },
      "locked": {
        "lastModified": 1783711151,
        "narHash": "sha256-232L3Nku2nLch/TQHsJEIhiZJKr+VTehnVUs1NZ0SNc=",
        "owner": "nix-community",
        "repo": "home-manager",
        "rev": "f938277527aa084929261879d50d9832b9eab6d3",
        "type": "github"
      },
      "original": {
        "owner": "nix-community",
        "ref": "master",
        "repo": "home-manager",
        "type": "github"
      }
    },
    "mnw": {
      "locked": {
        "lastModified": 1780772958,
        "narHash": "sha256-VKKe8r4pwCGWZ3Yr9CPN129R4S3CKLSrlYqdYz3vKpM=",
        "owner": "Gerg-L",
        "repo": "mnw",
        "rev": "0871dbf63a53610c95db04439ed8ea4d6ec9c160",
        "type": "github"
      },
      "original": {
        "owner": "Gerg-L",
        "repo": "mnw",
        "type": "github"
      }
    },
    "mnw_2": {
      "locked": {
        "lastModified": 1780772958,
        "narHash": "sha256-VKKe8r4pwCGWZ3Yr9CPN129R4S3CKLSrlYqdYz3vKpM=",
        "owner": "Gerg-L",
        "repo": "mnw",
        "rev": "0871dbf63a53610c95db04439ed8ea4d6ec9c160",
        "type": "github"
      },
      "original": {
        "owner": "Gerg-L",
        "repo": "mnw",
        "type": "github"
      }
    },
    "nix-flatpak": {
      "locked": {
        "lastModified": 1767983141,
        "narHash": "sha256-7ZCulYUD9RmJIDULTRkGLSW1faMpDlPKcbWJLYHoXcs=",
        "owner": "gmodena",
        "repo": "nix-flatpak",
        "rev": "440818969ac2cbd77bfe025e884d0aa528991374",
        "type": "github"
      },
      "original": {
        "owner": "gmodena",
        "ref": "latest",
        "repo": "nix-flatpak",
        "type": "github"
      }
    },
    "nixpkgs": {
      "locked": {
        "lastModified": 1783522502,
        "narHash": "sha256-iffAls3iaNTyJC2faYcUXSI+Gp02cDjYl+MygxKl2GI=",
        "owner": "nixos",
        "repo": "nixpkgs",
        "rev": "0bb7ec54c8483066ec9d7720e780a5caa71f8612",
        "type": "github"
      },
      "original": {
        "owner": "nixos",
        "ref": "nixos-unstable",
        "repo": "nixpkgs",
        "type": "github"
      }
    },
    "nixpkgs_2": {
      "locked": {
        "lastModified": 1781216227,
        "narHash": "sha256-9mUW6gNwoN2SWc/l0fW4svPNOulXLl8ijqKyeSOGgJE=",
        "owner": "nixos",
        "repo": "nixpkgs",
        "rev": "a0374025a863d007d98e3297f6aa46cc3141c2f0",
        "type": "github"
      },
      "original": {
        "owner": "nixos",
        "ref": "nixos-26.05",
        "repo": "nixpkgs",
        "type": "github"
      }
    },
    "nixpkgs_3": {
      "locked": {
        "lastModified": 1782118813,
        "narHash": "sha256-BnbXO5s5EhV89lLXMAGCzPdEN5a6vNqvMk71obeTEUw=",
        "owner": "NixOS",
        "repo": "nixpkgs",
        "rev": "b3c092d3c36d91e2f61f3dfb39a159f180a56659",
        "type": "github"
      },
      "original": {
        "owner": "NixOS",
        "ref": "nixpkgs-unstable",
        "repo": "nixpkgs",
        "type": "github"
      }
    },
    "nvf": {
      "inputs": {
        "flake-compat": "flake-compat",
        "mnw": "mnw",
        "nixpkgs": [
          "nixpkgs"
        ]
      },
      "locked": {
        "lastModified": 1783679527,
        "narHash": "sha256-K6zi7ZTiHghYG7s+fheYWWKCNdg9OxI2cO8+ozaE5Xs=",
        "owner": "NotAShelf",
        "repo": "nvf",
        "rev": "a9d578460ea71cd7ae853ab091e106f7e773069e",
        "type": "github"
      },
      "original": {
        "owner": "NotAShelf",
        "repo": "nvf",
        "type": "github"
      }
    },
    "nvf-config": {
      "inputs": {
        "nixpkgs": [
          "nixpkgs"
        ],
        "nvf": "nvf_2",
        "qml-go-lsp": "qml-go-lsp"
      },
      "locked": {
        "lastModified": 1783991014,
        "narHash": "sha256-1NQ56RQXIS++kNsNDj8Ee3zo51j5qt2x9ySYkQxwwHk=",
        "owner": "banana3216-2025",
        "repo": "nvf-config",
        "rev": "42551a461b1ce3ce95adf6e968b8b934af063901",
        "type": "github"
      },
      "original": {
        "owner": "banana3216-2025",
        "repo": "nvf-config",
        "type": "github"
      }
    },
    "nvf_2": {
      "inputs": {
        "flake-compat": "flake-compat_2",
        "flake-parts": "flake-parts",
        "mnw": "mnw_2",
        "nixpkgs": "nixpkgs_2",
        "systems": "systems"
      },
      "locked": {
        "lastModified": 1781997110,
        "narHash": "sha256-6D6xtYN5t1kZGNd69eMZsRBkgX5Df1roErn/kFR1C+A=",
        "owner": "notashelf",
        "repo": "nvf",
        "rev": "320f60b97075a58d38b90fc5e39f478421dbd38a",
        "type": "github"
      },
      "original": {
        "owner": "notashelf",
        "repo": "nvf",
        "type": "github"
      }
    },
    "qml-go-lsp": {
      "inputs": {
        "flake-utils": "flake-utils",
        "nixpkgs": "nixpkgs_3"
      },
      "locked": {
        "lastModified": 1777612515,
        "narHash": "sha256-WJjz7JM1/24M31ntIBSCygyGhZVgm4A3vHwMijYDJLs=",
        "owner": "cushycush",
        "repo": "qml-language-server",
        "rev": "767f2d041aa89ae81b3da0f373fed9c1ac97b04d",
        "type": "github"
      },
      "original": {
        "owner": "cushycush",
        "repo": "qml-language-server",
        "type": "github"
      }
    },
    "qml-go-lsp_2": {
      "inputs": {
        "flake-utils": "flake-utils_2",
        "nixpkgs": [
          "nixpkgs"
        ]
      },
      "locked": {
        "lastModified": 1777612515,
        "narHash": "sha256-WJjz7JM1/24M31ntIBSCygyGhZVgm4A3vHwMijYDJLs=",
        "owner": "cushycush",
        "repo": "qml-language-server",
        "rev": "767f2d041aa89ae81b3da0f373fed9c1ac97b04d",
        "type": "github"
      },
      "original": {
        "owner": "cushycush",
        "repo": "qml-language-server",
        "type": "github"
      }
    },
    "quickshell": {
      "inputs": {
        "nixpkgs": [
          "nixpkgs"
        ]
      },
      "locked": {
        "lastModified": 1783673918,
        "narHash": "sha256-cFG5vnmjJcZRVCSUaqQLOdwkX6iqF6bY8IvvmBSGSRs=",
        "owner": "quickshell-mirror",
        "repo": "quickshell",
        "rev": "4df562dfb2475a9057f0f33a8db75808efad8670",
        "type": "github"
      },
      "original": {
        "owner": "quickshell-mirror",
        "repo": "quickshell",
        "type": "github"
      }
    },
    "root": {
      "inputs": {
        "catppuccin": "catppuccin",
        "helium": "helium",
        "home-manager": "home-manager",
        "nix-flatpak": "nix-flatpak",
        "nixpkgs": "nixpkgs",
        "nvf": "nvf",
        "nvf-config": "nvf-config",
        "qml-go-lsp": "qml-go-lsp_2",
        "quickshell": "quickshell",
        "wallpapers": "wallpapers",
        "zjstatus": "zjstatus"
      }
    },
    "rust-overlay": {
      "inputs": {
        "nixpkgs": [
          "zjstatus",
          "nixpkgs"
        ]
      },
      "locked": {
        "lastModified": 1782184651,
        "narHash": "sha256-4XHdXp3MRa++XiGkltJChCtdbCmSlNTwQRfWQOhqbRw=",
        "owner": "oxalica",
        "repo": "rust-overlay",
        "rev": "f59bc28dd0b89e9c0240d1b80195559fc79c2471",
        "type": "github"
      },
      "original": {
        "owner": "oxalica",
        "repo": "rust-overlay",
        "type": "github"
      }
    },
    "systems": {
      "locked": {
        "lastModified": 1681028828,
        "narHash": "sha256-Vy1rq5AaRuLzOxct8nz4T6wlgyUR7zLU309k9mBC768=",
        "owner": "nix-systems",
        "repo": "default",
        "rev": "da67096a3b9bf56a91d16901293e51ba5b49a27e",
        "type": "github"
      },
      "original": {
        "owner": "nix-systems",
        "repo": "default",
        "type": "github"
      }
    },
    "systems_2": {
      "locked": {
        "lastModified": 1681028828,
        "narHash": "sha256-Vy1rq5AaRuLzOxct8nz4T6wlgyUR7zLU309k9mBC768=",
        "owner": "nix-systems",
        "repo": "default",
        "rev": "da67096a3b9bf56a91d16901293e51ba5b49a27e",
        "type": "github"
      },
      "original": {
        "owner": "nix-systems",
        "repo": "default",
        "type": "github"
      }
    },
    "systems_3": {
      "locked": {
        "lastModified": 1681028828,
        "narHash": "sha256-Vy1rq5AaRuLzOxct8nz4T6wlgyUR7zLU309k9mBC768=",
        "owner": "nix-systems",
        "repo": "default",
        "rev": "da67096a3b9bf56a91d16901293e51ba5b49a27e",
        "type": "github"
      },
      "original": {
        "owner": "nix-systems",
        "repo": "default",
        "type": "github"
      }
    },
    "systems_4": {
      "locked": {
        "lastModified": 1681028828,
        "narHash": "sha256-Vy1rq5AaRuLzOxct8nz4T6wlgyUR7zLU309k9mBC768=",
        "owner": "nix-systems",
        "repo": "default",
        "rev": "da67096a3b9bf56a91d16901293e51ba5b49a27e",
        "type": "github"
      },
      "original": {
        "owner": "nix-systems",
        "repo": "default",
        "type": "github"
      }
    },
    "wallpapers": {
      "flake": false,
      "locked": {
        "lastModified": 1779923965,
        "narHash": "sha256-5epyVy3tNJQ8CyqTq4p3uDGYOqm9WnEk4r5TnSm5QlY=",
        "owner": "banana3216-2025",
        "repo": "wallpapers",
        "rev": "f562e1049e75b65afc89f24c69b929baffd9d08b",
        "type": "github"
      },
      "original": {
        "owner": "banana3216-2025",
        "repo": "wallpapers",
        "type": "github"
      }
    },
    "zjstatus": {
      "inputs": {
        "crane": "crane",
        "flake-utils": "flake-utils_3",
        "nixpkgs": [
          "nixpkgs"
        ],
        "rust-overlay": "rust-overlay"
      },
      "locked": {
        "lastModified": 1783529282,
        "narHash": "sha256-uikFVOWKIBNH7KtRMbjwoEmRqCcAG7T0xG9IwaVBnfw=",
        "owner": "dj95",
        "repo": "zjstatus",
        "rev": "d428696c8a49018251684a079dc87ad87bd9a691",
        "type": "github"
      },
      "original": {
        "owner": "dj95",
        "repo": "zjstatus",
        "type": "github"
      }
    }
  },
  "root": "root",
  "version": 7
}
